// !$*UTF8*$!
{
	archiveVersion = 1;
	classes = {
	};
	objectVersion = 46;
	objects = {

/* Begin PBXBuildFile section */
		27162DD01C42D1A900A0EFBE /* TemperatureDialView.swift in Sources */ = {isa = PBXBuildFile; fileRef = 27162DCF1C42D1A900A0EFBE /* TemperatureDialView.swift */; };
		2791C0291C28E33D002A52B3 /* AppDelegate.swift in Sources */ = {isa = PBXBuildFile; fileRef = 2791C0281C28E33D002A52B3 /* AppDelegate.swift */; };
		2791C02B1C28E33D002A52B3 /* AuthViewController.swift in Sources */ = {isa = PBXBuildFile; fileRef = 2791C02A1C28E33D002A52B3 /* AuthViewController.swift */; };
		2791C02E1C28E33D002A52B3 /* Main.storyboard in Resources */ = {isa = PBXBuildFile; fileRef = 2791C02C1C28E33D002A52B3 /* Main.storyboard */; };
		2791C0301C28E33D002A52B3 /* Assets.xcassets in Resources */ = {isa = PBXBuildFile; fileRef = 2791C02F1C28E33D002A52B3 /* Assets.xcassets */; };
		2791C0331C28E33D002A52B3 /* LaunchScreen.storyboard in Resources */ = {isa = PBXBuildFile; fileRef = 2791C0311C28E33D002A52B3 /* LaunchScreen.storyboard */; };
		2791C03E1C28E33D002A52B3 /* TempestTests.swift in Sources */ = {isa = PBXBuildFile; fileRef = 2791C03D1C28E33D002A52B3 /* TempestTests.swift */; };
		2791C0491C28E33D002A52B3 /* TempestUITests.swift in Sources */ = {isa = PBXBuildFile; fileRef = 2791C0481C28E33D002A52B3 /* TempestUITests.swift */; };
		279573A51C31C525004E824F /* Interface.storyboard in Resources */ = {isa = PBXBuildFile; fileRef = 279573A31C31C525004E824F /* Interface.storyboard */; };
		279573A71C31C525004E824F /* Assets.xcassets in Resources */ = {isa = PBXBuildFile; fileRef = 279573A61C31C525004E824F /* Assets.xcassets */; };
		279573AE1C31C525004E824F /* TempestWatch Extension.appex in Embed App Extensions */ = {isa = PBXBuildFile; fileRef = 279573AD1C31C525004E824F /* TempestWatch Extension.appex */; settings = {ATTRIBUTES = (RemoveHeadersOnCopy, ); }; };
		279573B31C31C525004E824F /* InterfaceController.swift in Sources */ = {isa = PBXBuildFile; fileRef = 279573B21C31C525004E824F /* InterfaceController.swift */; };
		279573B51C31C525004E824F /* ExtensionDelegate.swift in Sources */ = {isa = PBXBuildFile; fileRef = 279573B41C31C525004E824F /* ExtensionDelegate.swift */; };
		279573B71C31C525004E824F /* GlanceController.swift in Sources */ = {isa = PBXBuildFile; fileRef = 279573B61C31C525004E824F /* GlanceController.swift */; };
		279573B91C31C525004E824F /* ComplicationController.swift in Sources */ = {isa = PBXBuildFile; fileRef = 279573B81C31C525004E824F /* ComplicationController.swift */; };
		279573BB1C31C525004E824F /* Assets.xcassets in Resources */ = {isa = PBXBuildFile; fileRef = 279573BA1C31C525004E824F /* Assets.xcassets */; };
		279573BF1C31C525004E824F /* TempestWatch.app in Embed Watch Content */ = {isa = PBXBuildFile; fileRef = 279573A11C31C525004E824F /* TempestWatch.app */; };
		27DBDFD71C28F6A8006E13BD /* Thermostat.swift in Sources */ = {isa = PBXBuildFile; fileRef = 27DBDFD61C28F6A8006E13BD /* Thermostat.swift */; };
		27DBDFD91C28F70F006E13BD /* ThermostatViewController.swift in Sources */ = {isa = PBXBuildFile; fileRef = 27DBDFD81C28F70F006E13BD /* ThermostatViewController.swift */; };
		27F8150A1C3CC64400FD5CB4 /* UIColorExtension.swift in Sources */ = {isa = PBXBuildFile; fileRef = 27F815091C3CC64400FD5CB4 /* UIColorExtension.swift */; };
		8A712465FBE7A2DF0FB7CD35 /* Pods.framework in Frameworks */ = {isa = PBXBuildFile; fileRef = 72E3D65B0E4A826DCD724CB6 /* Pods.framework */; };
/* End PBXBuildFile section */

/* Begin PBXContainerItemProxy section */
		2791C03A1C28E33D002A52B3 /* PBXContainerItemProxy */ = {
			isa = PBXContainerItemProxy;
			containerPortal = 2791C01D1C28E33D002A52B3 /* Project object */;
			proxyType = 1;
			remoteGlobalIDString = 2791C0241C28E33D002A52B3;
			remoteInfo = Tempest;
		};
		2791C0451C28E33D002A52B3 /* PBXContainerItemProxy */ = {
			isa = PBXContainerItemProxy;
			containerPortal = 2791C01D1C28E33D002A52B3 /* Project object */;
			proxyType = 1;
			remoteGlobalIDString = 2791C0241C28E33D002A52B3;
			remoteInfo = Tempest;
		};
		279573AF1C31C525004E824F /* PBXContainerItemProxy */ = {
			isa = PBXContainerItemProxy;
			containerPortal = 2791C01D1C28E33D002A52B3 /* Project object */;
			proxyType = 1;
			remoteGlobalIDString = 279573AC1C31C525004E824F;
			remoteInfo = "TempestWatch Extension";
		};
		279573BD1C31C525004E824F /* PBXContainerItemProxy */ = {
			isa = PBXContainerItemProxy;
			containerPortal = 2791C01D1C28E33D002A52B3 /* Project object */;
			proxyType = 1;
			remoteGlobalIDString = 279573A01C31C525004E824F;
			remoteInfo = TempestWatch;
		};
/* End PBXContainerItemProxy section */

/* Begin PBXCopyFilesBuildPhase section */
		279573C51C31C525004E824F /* Embed App Extensions */ = {
			isa = PBXCopyFilesBuildPhase;
			buildActionMask = 2147483647;
			dstPath = "";
			dstSubfolderSpec = 13;
			files = (
				279573AE1C31C525004E824F /* TempestWatch Extension.appex in Embed App Extensions */,
			);
			name = "Embed App Extensions";
			runOnlyForDeploymentPostprocessing = 0;
		};
		279573C71C31C525004E824F /* Embed Watch Content */ = {
			isa = PBXCopyFilesBuildPhase;
			buildActionMask = 2147483647;
			dstPath = "$(CONTENTS_FOLDER_PATH)/Watch";
			dstSubfolderSpec = 16;
			files = (
				279573BF1C31C525004E824F /* TempestWatch.app in Embed Watch Content */,
			);
			name = "Embed Watch Content";
			runOnlyForDeploymentPostprocessing = 0;
		};
/* End PBXCopyFilesBuildPhase section */

/* Begin PBXFileReference section */
		27162DCF1C42D1A900A0EFBE /* TemperatureDialView.swift */ = {isa = PBXFileReference; fileEncoding = 4; lastKnownFileType = sourcecode.swift; path = TemperatureDialView.swift; sourceTree = "<group>"; };
		27162F1A1C28EB8200FB754E /* Spark-SDK.h */ = {isa = PBXFileReference; lastKnownFileType = sourcecode.c.h; path = "Spark-SDK.h"; sourceTree = "<group>"; };
		2791C0251C28E33D002A52B3 /* Tempest.app */ = {isa = PBXFileReference; explicitFileType = wrapper.application; includeInIndex = 0; path = Tempest.app; sourceTree = BUILT_PRODUCTS_DIR; };
		2791C0281C28E33D002A52B3 /* AppDelegate.swift */ = {isa = PBXFileReference; lastKnownFileType = sourcecode.swift; path = AppDelegate.swift; sourceTree = "<group>"; };
		2791C02A1C28E33D002A52B3 /* AuthViewController.swift */ = {isa = PBXFileReference; lastKnownFileType = sourcecode.swift; path = AuthViewController.swift; sourceTree = "<group>"; };
		2791C02D1C28E33D002A52B3 /* Base */ = {isa = PBXFileReference; lastKnownFileType = file.storyboard; name = Base; path = Base.lproj/Main.storyboard; sourceTree = "<group>"; };
		2791C02F1C28E33D002A52B3 /* Assets.xcassets */ = {isa = PBXFileReference; lastKnownFileType = folder.assetcatalog; path = Assets.xcassets; sourceTree = "<group>"; };
		2791C0321C28E33D002A52B3 /* Base */ = {isa = PBXFileReference; lastKnownFileType = file.storyboard; name = Base; path = Base.lproj/LaunchScreen.storyboard; sourceTree = "<group>"; };
		2791C0341C28E33D002A52B3 /* Info.plist */ = {isa = PBXFileReference; lastKnownFileType = text.plist.xml; path = Info.plist; sourceTree = "<group>"; };
		2791C0391C28E33D002A52B3 /* TempestTests.xctest */ = {isa = PBXFileReference; explicitFileType = wrapper.cfbundle; includeInIndex = 0; path = TempestTests.xctest; sourceTree = BUILT_PRODUCTS_DIR; };
		2791C03D1C28E33D002A52B3 /* TempestTests.swift */ = {isa = PBXFileReference; lastKnownFileType = sourcecode.swift; path = TempestTests.swift; sourceTree = "<group>"; };
		2791C03F1C28E33D002A52B3 /* Info.plist */ = {isa = PBXFileReference; lastKnownFileType = text.plist.xml; path = Info.plist; sourceTree = "<group>"; };
		2791C0441C28E33D002A52B3 /* TempestUITests.xctest */ = {isa = PBXFileReference; explicitFileType = wrapper.cfbundle; includeInIndex = 0; path = TempestUITests.xctest; sourceTree = BUILT_PRODUCTS_DIR; };
		2791C0481C28E33D002A52B3 /* TempestUITests.swift */ = {isa = PBXFileReference; lastKnownFileType = sourcecode.swift; path = TempestUITests.swift; sourceTree = "<group>"; };
		2791C04A1C28E33D002A52B3 /* Info.plist */ = {isa = PBXFileReference; lastKnownFileType = text.plist.xml; path = Info.plist; sourceTree = "<group>"; };
		279573A11C31C525004E824F /* TempestWatch.app */ = {isa = PBXFileReference; explicitFileType = wrapper.application; includeInIndex = 0; path = TempestWatch.app; sourceTree = BUILT_PRODUCTS_DIR; };
		279573A41C31C525004E824F /* Base */ = {isa = PBXFileReference; lastKnownFileType = file.storyboard; name = Base; path = Base.lproj/Interface.storyboard; sourceTree = "<group>"; };
		279573A61C31C525004E824F /* Assets.xcassets */ = {isa = PBXFileReference; lastKnownFileType = folder.assetcatalog; path = Assets.xcassets; sourceTree = "<group>"; };
		279573A81C31C525004E824F /* Info.plist */ = {isa = PBXFileReference; lastKnownFileType = text.plist.xml; path = Info.plist; sourceTree = "<group>"; };
		279573AD1C31C525004E824F /* TempestWatch Extension.appex */ = {isa = PBXFileReference; explicitFileType = "wrapper.app-extension"; includeInIndex = 0; path = "TempestWatch Extension.appex"; sourceTree = BUILT_PRODUCTS_DIR; };
		279573B21C31C525004E824F /* InterfaceController.swift */ = {isa = PBXFileReference; lastKnownFileType = sourcecode.swift; path = InterfaceController.swift; sourceTree = "<group>"; };
		279573B41C31C525004E824F /* ExtensionDelegate.swift */ = {isa = PBXFileReference; lastKnownFileType = sourcecode.swift; path = ExtensionDelegate.swift; sourceTree = "<group>"; };
		279573B61C31C525004E824F /* GlanceController.swift */ = {isa = PBXFileReference; lastKnownFileType = sourcecode.swift; path = GlanceController.swift; sourceTree = "<group>"; };
		279573B81C31C525004E824F /* ComplicationController.swift */ = {isa = PBXFileReference; lastKnownFileType = sourcecode.swift; path = ComplicationController.swift; sourceTree = "<group>"; };
		279573BA1C31C525004E824F /* Assets.xcassets */ = {isa = PBXFileReference; lastKnownFileType = folder.assetcatalog; path = Assets.xcassets; sourceTree = "<group>"; };
		279573BC1C31C525004E824F /* Info.plist */ = {isa = PBXFileReference; lastKnownFileType = text.plist.xml; path = Info.plist; sourceTree = "<group>"; };
		27DBDFD61C28F6A8006E13BD /* Thermostat.swift */ = {isa = PBXFileReference; fileEncoding = 4; lastKnownFileType = sourcecode.swift; path = Thermostat.swift; sourceTree = "<group>"; };
		27DBDFD81C28F70F006E13BD /* ThermostatViewController.swift */ = {isa = PBXFileReference; fileEncoding = 4; lastKnownFileType = sourcecode.swift; path = ThermostatViewController.swift; sourceTree = "<group>"; };
		27F815091C3CC64400FD5CB4 /* UIColorExtension.swift */ = {isa = PBXFileReference; fileEncoding = 4; lastKnownFileType = sourcecode.swift; path = UIColorExtension.swift; sourceTree = "<group>"; };
		72E3D65B0E4A826DCD724CB6 /* Pods.framework */ = {isa = PBXFileReference; explicitFileType = wrapper.framework; includeInIndex = 0; path = Pods.framework; sourceTree = BUILT_PRODUCTS_DIR; };
		7ABC4C3EC8E778EEB25752FD /* Pods.release.xcconfig */ = {isa = PBXFileReference; includeInIndex = 1; lastKnownFileType = text.xcconfig; name = Pods.release.xcconfig; path = "Pods/Target Support Files/Pods/Pods.release.xcconfig"; sourceTree = "<group>"; };
		FFF2DDB2E09FA10C136BBA90 /* Pods.debug.xcconfig */ = {isa = PBXFileReference; includeInIndex = 1; lastKnownFileType = text.xcconfig; name = Pods.debug.xcconfig; path = "Pods/Target Support Files/Pods/Pods.debug.xcconfig"; sourceTree = "<group>"; };
/* End PBXFileReference section */

/* Begin PBXFrameworksBuildPhase section */
		2791C0221C28E33D002A52B3 /* Frameworks */ = {
			isa = PBXFrameworksBuildPhase;
			buildActionMask = 2147483647;
			files = (
				8A712465FBE7A2DF0FB7CD35 /* Pods.framework in Frameworks */,
			);
			runOnlyForDeploymentPostprocessing = 0;
		};
		2791C0361C28E33D002A52B3 /* Frameworks */ = {
			isa = PBXFrameworksBuildPhase;
			buildActionMask = 2147483647;
			files = (
			);
			runOnlyForDeploymentPostprocessing = 0;
		};
		2791C0411C28E33D002A52B3 /* Frameworks */ = {
			isa = PBXFrameworksBuildPhase;
			buildActionMask = 2147483647;
			files = (
			);
			runOnlyForDeploymentPostprocessing = 0;
		};
		279573AA1C31C525004E824F /* Frameworks */ = {
			isa = PBXFrameworksBuildPhase;
			buildActionMask = 2147483647;
			files = (
			);
			runOnlyForDeploymentPostprocessing = 0;
		};
/* End PBXFrameworksBuildPhase section */

/* Begin PBXGroup section */
		20CFBB80348296FF307E118F /* Frameworks */ = {
			isa = PBXGroup;
			children = (
				72E3D65B0E4A826DCD724CB6 /* Pods.framework */,
			);
			name = Frameworks;
			sourceTree = "<group>";
		};
		2791C01C1C28E33D002A52B3 = {
			isa = PBXGroup;
			children = (
				2791C0271C28E33D002A52B3 /* Tempest */,
				2791C03C1C28E33D002A52B3 /* TempestTests */,
				2791C0471C28E33D002A52B3 /* TempestUITests */,
				279573A21C31C525004E824F /* TempestWatch */,
				279573B11C31C525004E824F /* TempestWatch Extension */,
				2791C0261C28E33D002A52B3 /* Products */,
				D897806129E989DFE3392D5F /* Pods */,
				20CFBB80348296FF307E118F /* Frameworks */,
			);
			sourceTree = "<group>";
		};
		2791C0261C28E33D002A52B3 /* Products */ = {
			isa = PBXGroup;
			children = (
				2791C0251C28E33D002A52B3 /* Tempest.app */,
				2791C0391C28E33D002A52B3 /* TempestTests.xctest */,
				2791C0441C28E33D002A52B3 /* TempestUITests.xctest */,
				279573A11C31C525004E824F /* TempestWatch.app */,
				279573AD1C31C525004E824F /* TempestWatch Extension.appex */,
			);
			name = Products;
			sourceTree = "<group>";
		};
		2791C0271C28E33D002A52B3 /* Tempest */ = {
			isa = PBXGroup;
			children = (
				27F815071C3CC56E00FD5CB4 /* Helpers */,
				27F815081C3CC57200FD5CB4 /* Core */,
				27162DCF1C42D1A900A0EFBE /* TemperatureDialView.swift */,
				27DBDFD81C28F70F006E13BD /* ThermostatViewController.swift */,
				2791C02A1C28E33D002A52B3 /* AuthViewController.swift */,
				2791C0281C28E33D002A52B3 /* AppDelegate.swift */,
				2791C02C1C28E33D002A52B3 /* Main.storyboard */,
				27162F1A1C28EB8200FB754E /* Spark-SDK.h */,
				2791C02F1C28E33D002A52B3 /* Assets.xcassets */,
				2791C0311C28E33D002A52B3 /* LaunchScreen.storyboard */,
				2791C0341C28E33D002A52B3 /* Info.plist */,
			);
			path = Tempest;
			sourceTree = "<group>";
		};
		2791C03C1C28E33D002A52B3 /* TempestTests */ = {
			isa = PBXGroup;
			children = (
				2791C03D1C28E33D002A52B3 /* TempestTests.swift */,
				2791C03F1C28E33D002A52B3 /* Info.plist */,
			);
			path = TempestTests;
			sourceTree = "<group>";
		};
		2791C0471C28E33D002A52B3 /* TempestUITests */ = {
			isa = PBXGroup;
			children = (
				2791C0481C28E33D002A52B3 /* TempestUITests.swift */,
				2791C04A1C28E33D002A52B3 /* Info.plist */,
			);
			path = TempestUITests;
			sourceTree = "<group>";
		};
		279573A21C31C525004E824F /* TempestWatch */ = {
			isa = PBXGroup;
			children = (
				279573A31C31C525004E824F /* Interface.storyboard */,
				279573A61C31C525004E824F /* Assets.xcassets */,
				279573A81C31C525004E824F /* Info.plist */,
			);
			path = TempestWatch;
			sourceTree = "<group>";
		};
		279573B11C31C525004E824F /* TempestWatch Extension */ = {
			isa = PBXGroup;
			children = (
				279573B21C31C525004E824F /* InterfaceController.swift */,
				279573B41C31C525004E824F /* ExtensionDelegate.swift */,
				279573B61C31C525004E824F /* GlanceController.swift */,
				279573B81C31C525004E824F /* ComplicationController.swift */,
				279573BA1C31C525004E824F /* Assets.xcassets */,
				279573BC1C31C525004E824F /* Info.plist */,
			);
			path = "TempestWatch Extension";
			sourceTree = "<group>";
		};
		27F815071C3CC56E00FD5CB4 /* Helpers */ = {
			isa = PBXGroup;
			children = (
				27F815091C3CC64400FD5CB4 /* UIColorExtension.swift */,
			);
			name = Helpers;
			sourceTree = "<group>";
		};
		27F815081C3CC57200FD5CB4 /* Core */ = {
			isa = PBXGroup;
			children = (
				27DBDFD61C28F6A8006E13BD /* Thermostat.swift */,
			);
			name = Core;
			sourceTree = "<group>";
		};
		D897806129E989DFE3392D5F /* Pods */ = {
			isa = PBXGroup;
			children = (
				FFF2DDB2E09FA10C136BBA90 /* Pods.debug.xcconfig */,
				7ABC4C3EC8E778EEB25752FD /* Pods.release.xcconfig */,
			);
			name = Pods;
			sourceTree = "<group>";
		};
/* End PBXGroup section */

/* Begin PBXNativeTarget section */
		2791C0241C28E33D002A52B3 /* Tempest */ = {
			isa = PBXNativeTarget;
			buildConfigurationList = 2791C04D1C28E33D002A52B3 /* Build configuration list for PBXNativeTarget "Tempest" */;
			buildPhases = (
				146C5431283FE4E6EEA3BF37 /* Check Pods Manifest.lock */,
				2791C0211C28E33D002A52B3 /* Sources */,
				2791C0221C28E33D002A52B3 /* Frameworks */,
				2791C0231C28E33D002A52B3 /* Resources */,
				5ADF8970164915888D9D4626 /* Embed Pods Frameworks */,
				F47BBF28B8554D780A078024 /* Copy Pods Resources */,
				279573C71C31C525004E824F /* Embed Watch Content */,
			);
			buildRules = (
			);
			dependencies = (
				279573BE1C31C525004E824F /* PBXTargetDependency */,
			);
			name = Tempest;
			productName = Tempest;
			productReference = 2791C0251C28E33D002A52B3 /* Tempest.app */;
			productType = "com.apple.product-type.application";
		};
		2791C0381C28E33D002A52B3 /* TempestTests */ = {
			isa = PBXNativeTarget;
			buildConfigurationList = 2791C0501C28E33D002A52B3 /* Build configuration list for PBXNativeTarget "TempestTests" */;
			buildPhases = (
				2791C0351C28E33D002A52B3 /* Sources */,
				2791C0361C28E33D002A52B3 /* Frameworks */,
				2791C0371C28E33D002A52B3 /* Resources */,
			);
			buildRules = (
			);
			dependencies = (
				2791C03B1C28E33D002A52B3 /* PBXTargetDependency */,
			);
			name = TempestTests;
			productName = TempestTests;
			productReference = 2791C0391C28E33D002A52B3 /* TempestTests.xctest */;
			productType = "com.apple.product-type.bundle.unit-test";
		};
		2791C0431C28E33D002A52B3 /* TempestUITests */ = {
			isa = PBXNativeTarget;
			buildConfigurationList = 2791C0531C28E33D002A52B3 /* Build configuration list for PBXNativeTarget "TempestUITests" */;
			buildPhases = (
				2791C0401C28E33D002A52B3 /* Sources */,
				2791C0411C28E33D002A52B3 /* Frameworks */,
				2791C0421C28E33D002A52B3 /* Resources */,
			);
			buildRules = (
			);
			dependencies = (
				2791C0461C28E33D002A52B3 /* PBXTargetDependency */,
			);
			name = TempestUITests;
			productName = TempestUITests;
			productReference = 2791C0441C28E33D002A52B3 /* TempestUITests.xctest */;
			productType = "com.apple.product-type.bundle.ui-testing";
		};
		279573A01C31C525004E824F /* TempestWatch */ = {
			isa = PBXNativeTarget;
			buildConfigurationList = 279573C61C31C525004E824F /* Build configuration list for PBXNativeTarget "TempestWatch" */;
			buildPhases = (
				2795739F1C31C525004E824F /* Resources */,
				279573C51C31C525004E824F /* Embed App Extensions */,
			);
			buildRules = (
			);
			dependencies = (
				279573B01C31C525004E824F /* PBXTargetDependency */,
			);
			name = TempestWatch;
			productName = TempestWatch;
			productReference = 279573A11C31C525004E824F /* TempestWatch.app */;
			productType = "com.apple.product-type.application.watchapp2";
		};
		279573AC1C31C525004E824F /* TempestWatch Extension */ = {
			isa = PBXNativeTarget;
			buildConfigurationList = 279573C41C31C525004E824F /* Build configuration list for PBXNativeTarget "TempestWatch Extension" */;
			buildPhases = (
				279573A91C31C525004E824F /* Sources */,
				279573AA1C31C525004E824F /* Frameworks */,
				279573AB1C31C525004E824F /* Resources */,
			);
			buildRules = (
			);
			dependencies = (
			);
			name = "TempestWatch Extension";
			productName = "TempestWatch Extension";
			productReference = 279573AD1C31C525004E824F /* TempestWatch Extension.appex */;
			productType = "com.apple.product-type.watchkit2-extension";
		};
/* End PBXNativeTarget section */

/* Begin PBXProject section */
		2791C01D1C28E33D002A52B3 /* Project object */ = {
			isa = PBXProject;
			attributes = {
				LastSwiftUpdateCheck = 0720;
				LastUpgradeCheck = 0720;
				ORGANIZATIONNAME = "Kyle Stewart";
				TargetAttributes = {
					2791C0241C28E33D002A52B3 = {
						CreatedOnToolsVersion = 7.2;
						DevelopmentTeam = YD46CQMTUW;
					};
					2791C0381C28E33D002A52B3 = {
						CreatedOnToolsVersion = 7.2;
						TestTargetID = 2791C0241C28E33D002A52B3;
					};
					2791C0431C28E33D002A52B3 = {
						CreatedOnToolsVersion = 7.2;
						TestTargetID = 2791C0241C28E33D002A52B3;
					};
					279573A01C31C525004E824F = {
						CreatedOnToolsVersion = 7.2;
						DevelopmentTeam = YD46CQMTUW;
					};
					279573AC1C31C525004E824F = {
						CreatedOnToolsVersion = 7.2;
						DevelopmentTeam = YD46CQMTUW;
					};
				};
			};
			buildConfigurationList = 2791C0201C28E33D002A52B3 /* Build configuration list for PBXProject "Tempest" */;
			compatibilityVersion = "Xcode 3.2";
			developmentRegion = English;
			hasScannedForEncodings = 0;
			knownRegions = (
				en,
				Base,
			);
			mainGroup = 2791C01C1C28E33D002A52B3;
			productRefGroup = 2791C0261C28E33D002A52B3 /* Products */;
			projectDirPath = "";
			projectRoot = "";
			targets = (
				2791C0241C28E33D002A52B3 /* Tempest */,
				2791C0381C28E33D002A52B3 /* TempestTests */,
				2791C0431C28E33D002A52B3 /* TempestUITests */,
				279573A01C31C525004E824F /* TempestWatch */,
				279573AC1C31C525004E824F /* TempestWatch Extension */,
			);
		};
/* End PBXProject section */

/* Begin PBXResourcesBuildPhase section */
		2791C0231C28E33D002A52B3 /* Resources */ = {
			isa = PBXResourcesBuildPhase;
			buildActionMask = 2147483647;
			files = (
				2791C0331C28E33D002A52B3 /* LaunchScreen.storyboard in Resources */,
				2791C0301C28E33D002A52B3 /* Assets.xcassets in Resources */,
				2791C02E1C28E33D002A52B3 /* Main.storyboard in Resources */,
			);
			runOnlyForDeploymentPostprocessing = 0;
		};
		2791C0371C28E33D002A52B3 /* Resources */ = {
			isa = PBXResourcesBuildPhase;
			buildActionMask = 2147483647;
			files = (
			);
			runOnlyForDeploymentPostprocessing = 0;
		};
		2791C0421C28E33D002A52B3 /* Resources */ = {
			isa = PBXResourcesBuildPhase;
			buildActionMask = 2147483647;
			files = (
			);
			runOnlyForDeploymentPostprocessing = 0;
		};
		2795739F1C31C525004E824F /* Resources */ = {
			isa = PBXResourcesBuildPhase;
			buildActionMask = 2147483647;
			files = (
				279573A71C31C525004E824F /* Assets.xcassets in Resources */,
				279573A51C31C525004E824F /* Interface.storyboard in Resources */,
			);
			runOnlyForDeploymentPostprocessing = 0;
		};
		279573AB1C31C525004E824F /* Resources */ = {
			isa = PBXResourcesBuildPhase;
			buildActionMask = 2147483647;
			files = (
				279573BB1C31C525004E824F /* Assets.xcassets in Resources */,
			);
			runOnlyForDeploymentPostprocessing = 0;
		};
/* End PBXResourcesBuildPhase section */

/* Begin PBXShellScriptBuildPhase section */
		146C5431283FE4E6EEA3BF37 /* Check Pods Manifest.lock */ = {
			isa = PBXShellScriptBuildPhase;
			buildActionMask = 2147483647;
			files = (
			);
			inputPaths = (
			);
			name = "Check Pods Manifest.lock";
			outputPaths = (
			);
			runOnlyForDeploymentPostprocessing = 0;
			shellPath = /bin/sh;
			shellScript = "diff \"${PODS_ROOT}/../Podfile.lock\" \"${PODS_ROOT}/Manifest.lock\" > /dev/null\nif [[ $? != 0 ]] ; then\n    cat << EOM\nerror: The sandbox is not in sync with the Podfile.lock. Run 'pod install' or update your CocoaPods installation.\nEOM\n    exit 1\nfi\n";
			showEnvVarsInLog = 0;
		};
		5ADF8970164915888D9D4626 /* Embed Pods Frameworks */ = {
			isa = PBXShellScriptBuildPhase;
			buildActionMask = 2147483647;
			files = (
			);
			inputPaths = (
			);
			name = "Embed Pods Frameworks";
			outputPaths = (
			);
			runOnlyForDeploymentPostprocessing = 0;
			shellPath = /bin/sh;
			shellScript = "\"${SRCROOT}/Pods/Target Support Files/Pods/Pods-frameworks.sh\"\n";
			showEnvVarsInLog = 0;
		};
		F47BBF28B8554D780A078024 /* Copy Pods Resources */ = {
			isa = PBXShellScriptBuildPhase;
			buildActionMask = 2147483647;
			files = (
			);
			inputPaths = (
			);
			name = "Copy Pods Resources";
			outputPaths = (
			);
			runOnlyForDeploymentPostprocessing = 0;
			shellPath = /bin/sh;
			shellScript = "\"${SRCROOT}/Pods/Target Support Files/Pods/Pods-resources.sh\"\n";
			showEnvVarsInLog = 0;
		};
/* End PBXShellScriptBuildPhase section */

/* Begin PBXSourcesBuildPhase section */
		2791C0211C28E33D002A52B3 /* Sources */ = {
			isa = PBXSourcesBuildPhase;
			buildActionMask = 2147483647;
			files = (
				2791C02B1C28E33D002A52B3 /* AuthViewController.swift in Sources */,
				27DBDFD71C28F6A8006E13BD /* Thermostat.swift in Sources */,
				27F8150A1C3CC64400FD5CB4 /* UIColorExtension.swift in Sources */,
				2791C0291C28E33D002A52B3 /* AppDelegate.swift in Sources */,
				27DBDFD91C28F70F006E13BD /* ThermostatViewController.swift in Sources */,
				27162DD01C42D1A900A0EFBE /* TemperatureDialView.swift in Sources */,
			);
			runOnlyForDeploymentPostprocessing = 0;
		};
		2791C0351C28E33D002A52B3 /* Sources */ = {
			isa = PBXSourcesBuildPhase;
			buildActionMask = 2147483647;
			files = (
				2791C03E1C28E33D002A52B3 /* TempestTests.swift in Sources */,
			);
			runOnlyForDeploymentPostprocessing = 0;
		};
		2791C0401C28E33D002A52B3 /* Sources */ = {
			isa = PBXSourcesBuildPhase;
			buildActionMask = 2147483647;
			files = (
				2791C0491C28E33D002A52B3 /* TempestUITests.swift in Sources */,
			);
			runOnlyForDeploymentPostprocessing = 0;
		};
		279573A91C31C525004E824F /* Sources */ = {
			isa = PBXSourcesBuildPhase;
			buildActionMask = 2147483647;
			files = (
				279573B51C31C525004E824F /* ExtensionDelegate.swift in Sources */,
				279573B91C31C525004E824F /* ComplicationController.swift in Sources */,
				279573B31C31C525004E824F /* InterfaceController.swift in Sources */,
				279573B71C31C525004E824F /* GlanceController.swift in Sources */,
			);
			runOnlyForDeploymentPostprocessing = 0;
		};
/* End PBXSourcesBuildPhase section */

/* Begin PBXTargetDependency section */
		2791C03B1C28E33D002A52B3 /* PBXTargetDependency */ = {
			isa = PBXTargetDependency;
			target = 2791C0241C28E33D002A52B3 /* Tempest */;
			targetProxy = 2791C03A1C28E33D002A52B3 /* PBXContainerItemProxy */;
		};
		2791C0461C28E33D002A52B3 /* PBXTargetDependency */ = {
			isa = PBXTargetDependency;
			target = 2791C0241C28E33D002A52B3 /* Tempest */;
			targetProxy = 2791C0451C28E33D002A52B3 /* PBXContainerItemProxy */;
		};
		279573B01C31C525004E824F /* PBXTargetDependency */ = {
			isa = PBXTargetDependency;
			target = 279573AC1C31C525004E824F /* TempestWatch Extension */;
			targetProxy = 279573AF1C31C525004E824F /* PBXContainerItemProxy */;
		};
		279573BE1C31C525004E824F /* PBXTargetDependency */ = {
			isa = PBXTargetDependency;
			target = 279573A01C31C525004E824F /* TempestWatch */;
			targetProxy = 279573BD1C31C525004E824F /* PBXContainerItemProxy */;
		};
/* End PBXTargetDependency section */

/* Begin PBXVariantGroup section */
		2791C02C1C28E33D002A52B3 /* Main.storyboard */ = {
			isa = PBXVariantGroup;
			children = (
				2791C02D1C28E33D002A52B3 /* Base */,
			);
			name = Main.storyboard;
			sourceTree = "<group>";
		};
		2791C0311C28E33D002A52B3 /* LaunchScreen.storyboard */ = {
			isa = PBXVariantGroup;
			children = (
				2791C0321C28E33D002A52B3 /* Base */,
			);
			name = LaunchScreen.storyboard;
			sourceTree = "<group>";
		};
		279573A31C31C525004E824F /* Interface.storyboard */ = {
			isa = PBXVariantGroup;
			children = (
				279573A41C31C525004E824F /* Base */,
			);
			name = Interface.storyboard;
			sourceTree = "<group>";
		};
/* End PBXVariantGroup section */

/* Begin XCBuildConfiguration section */
		2791C04B1C28E33D002A52B3 /* Debug */ = {
			isa = XCBuildConfiguration;
			buildSettings = {
				ALWAYS_SEARCH_USER_PATHS = NO;
				CLANG_CXX_LANGUAGE_STANDARD = "gnu++0x";
				CLANG_CXX_LIBRARY = "libc++";
				CLANG_ENABLE_MODULES = YES;
				CLANG_ENABLE_OBJC_ARC = YES;
				CLANG_WARN_BOOL_CONVERSION = YES;
				CLANG_WARN_CONSTANT_CONVERSION = YES;
				CLANG_WARN_DIRECT_OBJC_ISA_USAGE = YES_ERROR;
				CLANG_WARN_EMPTY_BODY = YES;
				CLANG_WARN_ENUM_CONVERSION = YES;
				CLANG_WARN_INT_CONVERSION = YES;
				CLANG_WARN_OBJC_ROOT_CLASS = YES_ERROR;
				CLANG_WARN_UNREACHABLE_CODE = YES;
				CLANG_WARN__DUPLICATE_METHOD_MATCH = YES;
				"CODE_SIGN_IDENTITY[sdk=iphoneos*]" = "iPhone Developer";
				COPY_PHASE_STRIP = NO;
				DEBUG_INFORMATION_FORMAT = dwarf;
				ENABLE_STRICT_OBJC_MSGSEND = YES;
				ENABLE_TESTABILITY = YES;
				GCC_C_LANGUAGE_STANDARD = gnu99;
				GCC_DYNAMIC_NO_PIC = NO;
				GCC_NO_COMMON_BLOCKS = YES;
				GCC_OPTIMIZATION_LEVEL = 0;
				GCC_PREPROCESSOR_DEFINITIONS = (
					"DEBUG=1",
					"$(inherited)",
				);
				GCC_WARN_64_TO_32_BIT_CONVERSION = YES;
				GCC_WARN_ABOUT_RETURN_TYPE = YES_ERROR;
				GCC_WARN_UNDECLARED_SELECTOR = YES;
				GCC_WARN_UNINITIALIZED_AUTOS = YES_AGGRESSIVE;
				GCC_WARN_UNUSED_FUNCTION = YES;
				GCC_WARN_UNUSED_VARIABLE = YES;
				IPHONEOS_DEPLOYMENT_TARGET = 9.2;
				MTL_ENABLE_DEBUG_INFO = YES;
				ONLY_ACTIVE_ARCH = YES;
				SDKROOT = iphoneos;
				SWIFT_OPTIMIZATION_LEVEL = "-Onone";
				TARGETED_DEVICE_FAMILY = "1,2";
			};
			name = Debug;
		};
		2791C04C1C28E33D002A52B3 /* Release */ = {
			isa = XCBuildConfiguration;
			buildSettings = {
				ALWAYS_SEARCH_USER_PATHS = NO;
				CLANG_CXX_LANGUAGE_STANDARD = "gnu++0x";
				CLANG_CXX_LIBRARY = "libc++";
				CLANG_ENABLE_MODULES = YES;
				CLANG_ENABLE_OBJC_ARC = YES;
				CLANG_WARN_BOOL_CONVERSION = YES;
				CLANG_WARN_CONSTANT_CONVERSION = YES;
				CLANG_WARN_DIRECT_OBJC_ISA_USAGE = YES_ERROR;
				CLANG_WARN_EMPTY_BODY = YES;
				CLANG_WARN_ENUM_CONVERSION = YES;
				CLANG_WARN_INT_CONVERSION = YES;
				CLANG_WARN_OBJC_ROOT_CLASS = YES_ERROR;
				CLANG_WARN_UNREACHABLE_CODE = YES;
				CLANG_WARN__DUPLICATE_METHOD_MATCH = YES;
				"CODE_SIGN_IDENTITY[sdk=iphoneos*]" = "iPhone Developer";
				COPY_PHASE_STRIP = NO;
				DEBUG_INFORMATION_FORMAT = "dwarf-with-dsym";
				ENABLE_NS_ASSERTIONS = NO;
				ENABLE_STRICT_OBJC_MSGSEND = YES;
				GCC_C_LANGUAGE_STANDARD = gnu99;
				GCC_NO_COMMON_BLOCKS = YES;
				GCC_WARN_64_TO_32_BIT_CONVERSION = YES;
				GCC_WARN_ABOUT_RETURN_TYPE = YES_ERROR;
				GCC_WARN_UNDECLARED_SELECTOR = YES;
				GCC_WARN_UNINITIALIZED_AUTOS = YES_AGGRESSIVE;
				GCC_WARN_UNUSED_FUNCTION = YES;
				GCC_WARN_UNUSED_VARIABLE = YES;
				IPHONEOS_DEPLOYMENT_TARGET = 9.2;
				MTL_ENABLE_DEBUG_INFO = NO;
				SDKROOT = iphoneos;
				TARGETED_DEVICE_FAMILY = "1,2";
				VALIDATE_PRODUCT = YES;
			};
			name = Release;
		};
		2791C04E1C28E33D002A52B3 /* Debug */ = {
			isa = XCBuildConfiguration;
			baseConfigurationReference = FFF2DDB2E09FA10C136BBA90 /* Pods.debug.xcconfig */;
			buildSettings = {
				ASSETCATALOG_COMPILER_APPICON_NAME = AppIcon;
				CODE_SIGN_IDENTITY = "iPhone Developer";
				INFOPLIST_FILE = Tempest/Info.plist;
				LD_RUNPATH_SEARCH_PATHS = "$(inherited) @executable_path/Frameworks";
				PRODUCT_BUNDLE_IDENTIFIER = com.invntapps.Tempest;
				PRODUCT_NAME = "$(TARGET_NAME)";
				SWIFT_OBJC_BRIDGING_HEADER = "Tempest/Spark-SDK.h";
				USER_HEADER_SEARCH_PATHS = "Pods/**";
			};
			name = Debug;
		};
		2791C04F1C28E33D002A52B3 /* Release */ = {
			isa = XCBuildConfiguration;
			baseConfigurationReference = 7ABC4C3EC8E778EEB25752FD /* Pods.release.xcconfig */;
			buildSettings = {
				ASSETCATALOG_COMPILER_APPICON_NAME = AppIcon;
				CODE_SIGN_IDENTITY = "iPhone Developer";
				INFOPLIST_FILE = Tempest/Info.plist;
				LD_RUNPATH_SEARCH_PATHS = "$(inherited) @executable_path/Frameworks";
				PRODUCT_BUNDLE_IDENTIFIER = com.invntapps.Tempest;
				PRODUCT_NAME = "$(TARGET_NAME)";
				SWIFT_OBJC_BRIDGING_HEADER = "Tempest/Spark-SDK.h";
				USER_HEADER_SEARCH_PATHS = "Pods/**";
			};
			name = Release;
		};
		2791C0511C28E33D002A52B3 /* Debug */ = {
			isa = XCBuildConfiguration;
			buildSettings = {
				BUNDLE_LOADER = "$(TEST_HOST)";
				INFOPLIST_FILE = TempestTests/Info.plist;
				LD_RUNPATH_SEARCH_PATHS = "$(inherited) @executable_path/Frameworks @loader_path/Frameworks";
				PRODUCT_BUNDLE_IDENTIFIER = com.invntapps.TempestTests;
				PRODUCT_NAME = "$(TARGET_NAME)";
				TEST_HOST = "$(BUILT_PRODUCTS_DIR)/Tempest.app/Tempest";
			};
			name = Debug;
		};
		2791C0521C28E33D002A52B3 /* Release */ = {
			isa = XCBuildConfiguration;
			buildSettings = {
				BUNDLE_LOADER = "$(TEST_HOST)";
				INFOPLIST_FILE = TempestTests/Info.plist;
				LD_RUNPATH_SEARCH_PATHS = "$(inherited) @executable_path/Frameworks @loader_path/Frameworks";
				PRODUCT_BUNDLE_IDENTIFIER = com.invntapps.TempestTests;
				PRODUCT_NAME = "$(TARGET_NAME)";
				TEST_HOST = "$(BUILT_PRODUCTS_DIR)/Tempest.app/Tempest";
			};
			name = Release;
		};
		2791C0541C28E33D002A52B3 /* Debug */ = {
			isa = XCBuildConfiguration;
			buildSettings = {
				INFOPLIST_FILE = TempestUITests/Info.plist;
				LD_RUNPATH_SEARCH_PATHS = "$(inherited) @executable_path/Frameworks @loader_path/Frameworks";
				PRODUCT_BUNDLE_IDENTIFIER = com.invntapps.TempestUITests;
				PRODUCT_NAME = "$(TARGET_NAME)";
				TEST_TARGET_NAME = Tempest;
				USES_XCTRUNNER = YES;
			};
			name = Debug;
		};
		2791C0551C28E33D002A52B3 /* Release */ = {
			isa = XCBuildConfiguration;
			buildSettings = {
				INFOPLIST_FILE = TempestUITests/Info.plist;
				LD_RUNPATH_SEARCH_PATHS = "$(inherited) @executable_path/Frameworks @loader_path/Frameworks";
				PRODUCT_BUNDLE_IDENTIFIER = com.invntapps.TempestUITests;
				PRODUCT_NAME = "$(TARGET_NAME)";
				TEST_TARGET_NAME = Tempest;
				USES_XCTRUNNER = YES;
			};
			name = Release;
		};
		279573C01C31C525004E824F /* Debug */ = {
			isa = XCBuildConfiguration;
			buildSettings = {
				ASSETCATALOG_COMPILER_APPICON_NAME = AppIcon;
				CODE_SIGN_IDENTITY = "iPhone Developer";
				EMBEDDED_CONTENT_CONTAINS_SWIFT = YES;
				IBSC_MODULE = TempestWatch_Extension;
				INFOPLIST_FILE = TempestWatch/Info.plist;
				PRODUCT_BUNDLE_IDENTIFIER = com.invntapps.Tempest.watchkitapp;
				PRODUCT_NAME = "$(TARGET_NAME)";
				SDKROOT = watchos;
				SKIP_INSTALL = NO;
				TARGETED_DEVICE_FAMILY = 4;
				WATCHOS_DEPLOYMENT_TARGET = 2.1;
			};
			name = Debug;
		};
		279573C11C31C525004E824F /* Release */ = {
			isa = XCBuildConfiguration;
			buildSettings = {
				ASSETCATALOG_COMPILER_APPICON_NAME = AppIcon;
				CODE_SIGN_IDENTITY = "iPhone Developer";
				EMBEDDED_CONTENT_CONTAINS_SWIFT = YES;
				IBSC_MODULE = TempestWatch_Extension;
				INFOPLIST_FILE = TempestWatch/Info.plist;
				PRODUCT_BUNDLE_IDENTIFIER = com.invntapps.Tempest.watchkitapp;
				PRODUCT_NAME = "$(TARGET_NAME)";
				SDKROOT = watchos;
				SKIP_INSTALL = NO;
				TARGETED_DEVICE_FAMILY = 4;
				WATCHOS_DEPLOYMENT_TARGET = 2.1;
			};
			name = Release;
		};
		279573C21C31C525004E824F /* Debug */ = {
			isa = XCBuildConfiguration;
			buildSettings = {
				ASSETCATALOG_COMPILER_COMPLICATION_NAME = Complication;
				CODE_SIGN_IDENTITY = "iPhone Developer";
				"CODE_SIGN_IDENTITY[sdk=watchos*]" = "iPhone Developer";
				INFOPLIST_FILE = "TempestWatch Extension/Info.plist";
				LD_RUNPATH_SEARCH_PATHS = "$(inherited) @executable_path/Frameworks @executable_path/../../Frameworks";
				PRODUCT_BUNDLE_IDENTIFIER = com.invntapps.Tempest.watchkitapp.watchkitextension;
				PRODUCT_NAME = "${TARGET_NAME}";
				PROVISIONING_PROFILE = "";
				SDKROOT = watchos;
				SKIP_INSTALL = NO;
				TARGETED_DEVICE_FAMILY = 4;
				WATCHOS_DEPLOYMENT_TARGET = 2.1;
			};
			name = Debug;
		};
		279573C31C31C525004E824F /* Release */ = {
			isa = XCBuildConfiguration;
			buildSettings = {
				ASSETCATALOG_COMPILER_COMPLICATION_NAME = Complication;
				CODE_SIGN_IDENTITY = "iPhone Developer";
				"CODE_SIGN_IDENTITY[sdk=watchos*]" = "iPhone Developer";
				INFOPLIST_FILE = "TempestWatch Extension/Info.plist";
				LD_RUNPATH_SEARCH_PATHS = "$(inherited) @executable_path/Frameworks @executable_path/../../Frameworks";
				PRODUCT_BUNDLE_IDENTIFIER = com.invntapps.Tempest.watchkitapp.watchkitextension;
				PRODUCT_NAME = "${TARGET_NAME}";
				PROVISIONING_PROFILE = "";
				SDKROOT = watchos;
				SKIP_INSTALL = NO;
				TARGETED_DEVICE_FAMILY = 4;
				WATCHOS_DEPLOYMENT_TARGET = 2.1;
			};
			name = Release;
		};
/* End XCBuildConfiguration section */

/* Begin XCConfigurationList section */
		2791C0201C28E33D002A52B3 /* Build configuration list for PBXProject "Tempest" */ = {
			isa = XCConfigurationList;
			buildConfigurations = (
				2791C04B1C28E33D002A52B3 /* Debug */,
				2791C04C1C28E33D002A52B3 /* Release */,
			);
			defaultConfigurationIsVisible = 0;
			defaultConfigurationName = Release;
		};
		2791C04D1C28E33D002A52B3 /* Build configuration list for PBXNativeTarget "Tempest" */ = {
			isa = XCConfigurationList;
			buildConfigurations = (
				2791C04E1C28E33D002A52B3 /* Debug */,
				2791C04F1C28E33D002A52B3 /* Release */,
			);
			defaultConfigurationIsVisible = 0;
			defaultConfigurationName = Release;
		};
		2791C0501C28E33D002A52B3 /* Build configuration list for PBXNativeTarget "TempestTests" */ = {
			isa = XCConfigurationList;
			buildConfigurations = (
				2791C0511C28E33D002A52B3 /* Debug */,
				2791C0521C28E33D002A52B3 /* Release */,
			);
			defaultConfigurationIsVisible = 0;
			defaultConfigurationName = Release;
		};
		2791C0531C28E33D002A52B3 /* Build configuration list for PBXNativeTarget "TempestUITests" */ = {
			isa = XCConfigurationList;
			buildConfigurations = (
				2791C0541C28E33D002A52B3 /* Debug */,
				2791C0551C28E33D002A52B3 /* Release */,
			);
			defaultConfigurationIsVisible = 0;
			defaultConfigurationName = Release;
		};
		279573C41C31C525004E824F /* Build configuration list for PBXNativeTarget "TempestWatch Extension" */ = {
			isa = XCConfigurationList;
			buildConfigurations = (
				279573C21C31C525004E824F /* Debug */,
				279573C31C31C525004E824F /* Release */,
			);
			defaultConfigurationIsVisible = 0;
			defaultConfigurationName = Release;
		};
		279573C61C31C525004E824F /* Build configuration list for PBXNativeTarget "TempestWatch" */ = {
			isa = XCConfigurationList;
			buildConfigurations = (
				279573C01C31C525004E824F /* Debug */,
				279573C11C31C525004E824F /* Release */,
			);
			defaultConfigurationIsVisible = 0;
			defaultConfigurationName = Release;
		};
/* End XCConfigurationList section */
	};
	rootObject = 2791C01D1C28E33D002A52B3 /* Project object */;
}
